
Microsoft Visual Studio Solution File, Format Version 12.00
# Visual Studio Version 17
VisualStudioVersion = 17.7.34024.191
MinimumVisualStudioVersion = 10.0.40219.1
Project("{FAE04EC0-301F-11D3-BF4B-00C04F79EFBC}") = "FontInspector", "FontInspector\FontInspector.csproj", "{3BCAEA5A-6471-4238-8924-E13A45715BE8}"
EndProject
Project("{9A19103F-16F7-4668-BE54-9A1E7A4F7556}") = "SixLabors.Fonts", "..\..\Fonts\src\SixLabors.Fonts\SixLabors.Fonts.csproj", "{4A60828D-04C3-4BB4-8E6A-570EFA0F5143}"
EndProject
Global
	GlobalSection(SolutionConfigurationPlatforms) = preSolution
		Debug|Any CPU = Debug|Any CPU
		Release|Any CPU = Release|Any CPU
	EndGlobalSection
	GlobalSection(ProjectConfigurationPlatforms) = postSolution
		{3BCAEA5A-6471-4238-8924-E13A45715BE8}.Debug|Any CPU.ActiveCfg = Debug|Any CPU
		{3BCAEA5A-6471-4238-8924-E13A45715BE8}.Debug|Any CPU.Build.0 = Debug|Any CPU
		{3BCAEA5A-6471-4238-8924-E13A45715BE8}.Release|Any CPU.ActiveCfg = Release|Any CPU
		{3BCAEA5A-6471-4238-8924-E13A45715BE8}.Release|Any CPU.Build.0 = Release|Any CPU
		{4A60828D-04C3-4BB4-8E6A-570EFA0F5143}.Debug|Any CPU.ActiveCfg = Debug|Any CPU
		{4A60828D-04C3-4BB4-8E6A-570EFA0F5143}.Debug|Any CPU.Build.0 = Debug|Any CPU
		{4A60828D-04C3-4BB4-8E6A-570EFA0F5143}.Release|Any CPU.ActiveCfg = Release|Any CPU
		{4A60828D-04C3-4BB4-8E6A-570EFA0F5143}.Release|Any CPU.Build.0 = Release|Any CPU
	EndGlobalSection
	GlobalSection(SolutionProperties) = preSolution
		HideSolutionNode = FALSE
	EndGlobalSection
	GlobalSection(ExtensibilityGlobals) = postSolution
		SolutionGuid = {72F6B181-5628-4AA5-88FE-683041A77A57}
	EndGlobalSection
	GlobalSection(SharedMSBuildProjectFiles) = preSolution
		..\..\Fonts\shared-infrastructure\src\SharedInfrastructure\SharedInfrastructure.projitems*{4a60828d-04c3-4bb4-8e6a-570efa0f5143}*SharedItemsImports = 5
	EndGlobalSection
EndGlobal
